
Microsoft Visual Studio Solution File, Format Version 12.00
# Visual Studio Version 17
VisualStudioVersion = 17.0.32014.148
MinimumVisualStudioVersion = 10.0.40219.1
Project("{FAE04EC0-301F-11D3-BF4B-00C04F79EFBC}") = "Lab9", "Lab9\Lab9.csproj", "{090D17F7-FCB6-4D78-8D6B-EB45B3177C13}"
EndProject
Global
	GlobalSection(SolutionConfigurationPlatforms) = preSolution
		Debug|Any CPU = Debug|Any CPU
		Release|Any CPU = Release|Any CPU
	EndGlobalSection
	GlobalSection(ProjectConfigurationPlatforms) = postSolution
		{090D17F7-FCB6-4D78-8D6B-EB45B3177C13}.Debug|Any CPU.ActiveCfg = Debug|Any CPU
		{090D17F7-FCB6-4D78-8D6B-EB45B3177C13}.Debug|Any CPU.Build.0 = Debug|Any CPU
		{090D17F7-FCB6-4D78-8D6B-EB45B3177C13}.Release|Any CPU.ActiveCfg = Release|Any CPU
		{090D17F7-FCB6-4D78-8D6B-EB45B3177C13}.Release|Any CPU.Build.0 = Release|Any CPU
	EndGlobalSection
	GlobalSection(SolutionProperties) = preSolution
		HideSolutionNode = FALSE
	EndGlobalSection
	GlobalSection(ExtensibilityGlobals) = postSolution
		SolutionGuid = {70A5C6AB-21F5-45DB-86E8-EF8D73B9B20E}
	EndGlobalSection
EndGlobal
